
Microsoft Visual Studio Solution File, Format Version 12.00
# Visual Studio 15
VisualStudioVersion = 15.0.28307.421
MinimumVisualStudioVersion = 10.0.40219.1
Project("{FAE04EC0-301F-11D3-BF4B-00C04F79EFBC}") = "WpfCoreLibrary", "WpfCoreLibrary\WpfCoreLibrary.csproj", "{E4C9501F-1E07-4F55-91F0-3A5CEEAFC8ED}"
EndProject
Global
	GlobalSection(SolutionConfigurationPlatforms) = preSolution
		Debug|Any CPU = Debug|Any CPU
		Release|Any CPU = Release|Any CPU
	EndGlobalSection
	GlobalSection(ProjectConfigurationPlatforms) = postSolution
		{E4C9501F-1E07-4F55-91F0-3A5CEEAFC8ED}.Debug|Any CPU.ActiveCfg = Debug|Any CPU
		{E4C9501F-1E07-4F55-91F0-3A5CEEAFC8ED}.Debug|Any CPU.Build.0 = Debug|Any CPU
		{E4C9501F-1E07-4F55-91F0-3A5CEEAFC8ED}.Release|Any CPU.ActiveCfg = Release|Any CPU
		{E4C9501F-1E07-4F55-91F0-3A5CEEAFC8ED}.Release|Any CPU.Build.0 = Release|Any CPU
	EndGlobalSection
	GlobalSection(SolutionProperties) = preSolution
		HideSolutionNode = FALSE
	EndGlobalSection
	GlobalSection(ExtensibilityGlobals) = postSolution
		SolutionGuid = {210B70B7-7662-4166-9C3F-279C9D9ADDB2}
	EndGlobalSection
EndGlobal
